PODS:
  - Alamofire (4.9.1)
  - AlamofireImage (3.6.0):
    - Alamofire (~> 4.9)
  - AnyFormatKit (0.1.7)
  - EZSwiftExtensions (2.0)
  - ImageSlideshow (1.9.2):
    - ImageSlideshow/Core (= 1.9.2)
  - ImageSlideshow/Core (1.9.2)
  - ImageSlideshow/Kingfisher (1.9.2):
    - ImageSlideshow/Core
    - Kingfisher (> 3.0)
  - Kingfisher (6.3.1)
  - Marshal (1.2.7)
  - Moya (10.0.2):
    - Moya/Core (= 10.0.2)
  - Moya/Core (10.0.2):
    - Alamofire (~> 4.1)
    - Result (~> 3.0)
  - MSAL (1.2.5):
    - MSAL/app-lib (= 1.2.5)
  - MSAL/app-lib (1.2.5)
  - PureLayout (3.1.9)
  - Result (3.2.4)

DEPENDENCIES:
  - AlamofireImage (~> 3.3)
  - AnyFormatKit (~> 0.1.2)
  - EZSwiftExtensions
  - ImageSlideshow (~> 1.9.0)
  - ImageSlideshow/Kingfisher
  - Marshal
  - Moya (~> 10.0)
  - MSAL
  - PureLayout

SPEC REPOS:
  trunk:
    - Alamofire
    - AlamofireImage
    - AnyFormatKit
    - EZSwiftExtensions
    - ImageSlideshow
    - Kingfisher
    - Marshal
    - Moya
    - MSAL
    - PureLayout
    - Result

SPEC CHECKSUMS:
  Alamofire: 85e8a02c69d6020a0d734f6054870d7ecb75cf18
  AlamofireImage: be9963c6582d68b39e89191f64c82a7d7bf40fdd
  AnyFormatKit: e602d6414a2fcd1a54aa9d8739ab29ad5124d292
  EZSwiftExtensions: f73648a591e529a1dbd83c22b19fd3e57df6fb7d
  ImageSlideshow: be305b54eaf2b2cfc7a7141c7c734605d44dc07d
  Kingfisher: 016c8b653a35add51dd34a3aba36b580041acc74
  Marshal: ef480864a6af10a63f67be7e55bb5d8fe67a16d9
  Moya: 2b0531a9fef318e0bc484030c3db1e6f279ccb66
  MSAL: 5149daaa19228c2c27d81987634da15b50981cef
  PureLayout: 5fb5e5429519627d60d079ccb1eaa7265ce7cf88
  Result: d2d07204ce72856f1fd9130bbe42c35a7b0fea10

PODFILE CHECKSUM: 3edc07611096a364dc9d08818c1f1a344ef1645a

COCOAPODS: 1.16.2
